// !$*UTF8*$!
{
	archiveVersion = 1;
	classes = {
	};
	objectVersion = 46;
	objects = {

/* Begin PBXBuildFile section */
		8B34CF971DC7409100740E85 /* AppDelegate.swift in Sources */ = {isa = PBXBuildFile; fileRef = 8B34CF961DC7409100740E85 /* AppDelegate.swift */; };
		8B34CF991DC7409100740E85 /* MenuViewController.swift in Sources */ = {isa = PBXBuildFile; fileRef = 8B34CF981DC7409100740E85 /* MenuViewController.swift */; };
		8B34CF9C1DC7409100740E85 /* Main.storyboard in Resources */ = {isa = PBXBuildFile; fileRef = 8B34CF9A1DC7409100740E85 /* Main.storyboard */; };
		8B34CF9E1DC7409100740E85 /* Assets.xcassets in Resources */ = {isa = PBXBuildFile; fileRef = 8B34CF9D1DC7409100740E85 /* Assets.xcassets */; };
		8B34CFA11DC7409100740E85 /* LaunchScreen.storyboard in Resources */ = {isa = PBXBuildFile; fileRef = 8B34CF9F1DC7409100740E85 /* LaunchScreen.storyboard */; };
		8B34CFA91DC769A700740E85 /* City.swift in Sources */ = {isa = PBXBuildFile; fileRef = 8B34CFA81DC769A700740E85 /* City.swift */; };
		8B34CFAB1DC76B4700740E85 /* ContainerViewController.swift in Sources */ = {isa = PBXBuildFile; fileRef = 8B34CFAA1DC76B4700740E85 /* ContainerViewController.swift */; };
		8B34CFAD1DC76C3E00740E85 /* MapsViewController.swift in Sources */ = {isa = PBXBuildFile; fileRef = 8B34CFAC1DC76C3E00740E85 /* MapsViewController.swift */; };
		8B34CFAF1DC7789400740E85 /* Settings.swift in Sources */ = {isa = PBXBuildFile; fileRef = 8B34CFAE1DC7789400740E85 /* Settings.swift */; };
		8B34CFB31DC78DF300740E85 /* images.xcassets in Resources */ = {isa = PBXBuildFile; fileRef = 8B34CFB21DC78DF300740E85 /* images.xcassets */; };
		DEC04566D6BDF4FA909CF12B /* Pods_GMTest.framework in Frameworks */ = {isa = PBXBuildFile; fileRef = 51D6BBACA537DADFD31ECA98 /* Pods_GMTest.framework */; };
/* End PBXBuildFile section */

/* Begin PBXFileReference section */
		145B7589F6216D978BC5D7CF /* Pods-GMTest.release.xcconfig */ = {isa = PBXFileReference; includeInIndex = 1; lastKnownFileType = text.xcconfig; name = "Pods-GMTest.release.xcconfig"; path = "Pods/Target Support Files/Pods-GMTest/Pods-GMTest.release.xcconfig"; sourceTree = "<group>"; };
		51D6BBACA537DADFD31ECA98 /* Pods_GMTest.framework */ = {isa = PBXFileReference; explicitFileType = wrapper.framework; includeInIndex = 0; path = Pods_GMTest.framework; sourceTree = BUILT_PRODUCTS_DIR; };
		8B34CF931DC7409100740E85 /* GMTest.app */ = {isa = PBXFileReference; explicitFileType = wrapper.application; includeInIndex = 0; path = GMTest.app; sourceTree = BUILT_PRODUCTS_DIR; };
		8B34CF961DC7409100740E85 /* AppDelegate.swift */ = {isa = PBXFileReference; lastKnownFileType = sourcecode.swift; path = AppDelegate.swift; sourceTree = "<group>"; };
		8B34CF981DC7409100740E85 /* MenuViewController.swift */ = {isa = PBXFileReference; lastKnownFileType = sourcecode.swift; path = MenuViewController.swift; sourceTree = "<group>"; };
		8B34CF9B1DC7409100740E85 /* Base */ = {isa = PBXFileReference; lastKnownFileType = file.storyboard; name = Base; path = Base.lproj/Main.storyboard; sourceTree = "<group>"; };
		8B34CF9D1DC7409100740E85 /* Assets.xcassets */ = {isa = PBXFileReference; lastKnownFileType = folder.assetcatalog; path = Assets.xcassets; sourceTree = "<group>"; };
		8B34CFA01DC7409100740E85 /* Base */ = {isa = PBXFileReference; lastKnownFileType = file.storyboard; name = Base; path = Base.lproj/LaunchScreen.storyboard; sourceTree = "<group>"; };
		8B34CFA21DC7409100740E85 /* Info.plist */ = {isa = PBXFileReference; lastKnownFileType = text.plist.xml; path = Info.plist; sourceTree = "<group>"; };
		8B34CFA81DC769A700740E85 /* City.swift */ = {isa = PBXFileReference; fileEncoding = 4; lastKnownFileType = sourcecode.swift; path = City.swift; sourceTree = "<group>"; };
		8B34CFAA1DC76B4700740E85 /* ContainerViewController.swift */ = {isa = PBXFileReference; fileEncoding = 4; lastKnownFileType = sourcecode.swift; path = ContainerViewController.swift; sourceTree = "<group>"; };
		8B34CFAC1DC76C3E00740E85 /* MapsViewController.swift */ = {isa = PBXFileReference; fileEncoding = 4; lastKnownFileType = sourcecode.swift; path = MapsViewController.swift; sourceTree = "<group>"; };
		8B34CFAE1DC7789400740E85 /* Settings.swift */ = {isa = PBXFileReference; fileEncoding = 4; lastKnownFileType = sourcecode.swift; path = Settings.swift; sourceTree = "<group>"; };
		8B34CFB21DC78DF300740E85 /* images.xcassets */ = {isa = PBXFileReference; lastKnownFileType = folder.assetcatalog; path = images.xcassets; sourceTree = "<group>"; };
		EFE84DF8A85A8781830DF2F9 /* Pods-GMTest.debug.xcconfig */ = {isa = PBXFileReference; includeInIndex = 1; lastKnownFileType = text.xcconfig; name = "Pods-GMTest.debug.xcconfig"; path = "Pods/Target Support Files/Pods-GMTest/Pods-GMTest.debug.xcconfig"; sourceTree = "<group>"; };
/* End PBXFileReference section */

/* Begin PBXFrameworksBuildPhase section */
		8B34CF901DC7409100740E85 /* Frameworks */ = {
			isa = PBXFrameworksBuildPhase;
			buildActionMask = 2147483647;
			files = (
				DEC04566D6BDF4FA909CF12B /* Pods_GMTest.framework in Frameworks */,
			);
			runOnlyForDeploymentPostprocessing = 0;
		};
/* End PBXFrameworksBuildPhase section */

/* Begin PBXGroup section */
		6D242FAB2E4997EDC75E862C /* Frameworks */ = {
			isa = PBXGroup;
			children = (
				51D6BBACA537DADFD31ECA98 /* Pods_GMTest.framework */,
			);
			name = Frameworks;
			sourceTree = "<group>";
		};
		84E57113BCC8058AC3B41FD8 /* Pods */ = {
			isa = PBXGroup;
			children = (
				EFE84DF8A85A8781830DF2F9 /* Pods-GMTest.debug.xcconfig */,
				145B7589F6216D978BC5D7CF /* Pods-GMTest.release.xcconfig */,
			);
			name = Pods;
			sourceTree = "<group>";
		};
		8B34CF8A1DC7409100740E85 = {
			isa = PBXGroup;
			children = (
				8B34CF951DC7409100740E85 /* GMTest */,
				8B34CF941DC7409100740E85 /* Products */,
				84E57113BCC8058AC3B41FD8 /* Pods */,
				6D242FAB2E4997EDC75E862C /* Frameworks */,
			);
			sourceTree = "<group>";
		};
		8B34CF941DC7409100740E85 /* Products */ = {
			isa = PBXGroup;
			children = (
				8B34CF931DC7409100740E85 /* GMTest.app */,
			);
			name = Products;
			sourceTree = "<group>";
		};
		8B34CF951DC7409100740E85 /* GMTest */ = {
			isa = PBXGroup;
			children = (
				8B34CF961DC7409100740E85 /* AppDelegate.swift */,
				8B34CFAE1DC7789400740E85 /* Settings.swift */,
				8B34CF981DC7409100740E85 /* MenuViewController.swift */,
				8B34CFA81DC769A700740E85 /* City.swift */,
				8B34CF9A1DC7409100740E85 /* Main.storyboard */,
				8B34CFAC1DC76C3E00740E85 /* MapsViewController.swift */,
				8B34CFAA1DC76B4700740E85 /* ContainerViewController.swift */,
				8B34CF9D1DC7409100740E85 /* Assets.xcassets */,
				8B34CFB21DC78DF300740E85 /* images.xcassets */,
				8B34CF9F1DC7409100740E85 /* LaunchScreen.storyboard */,
				8B34CFA21DC7409100740E85 /* Info.plist */,
			);
			path = GMTest;
			sourceTree = "<group>";
		};
/* End PBXGroup section */

/* Begin PBXNativeTarget section */
		8B34CF921DC7409100740E85 /* GMTest */ = {
			isa = PBXNativeTarget;
			buildConfigurationList = 8B34CFA51DC7409100740E85 /* Build configuration list for PBXNativeTarget "GMTest" */;
			buildPhases = (
				B684E4648319D9DA912ACAB7 /* [CP] Check Pods Manifest.lock */,
				8B34CF8F1DC7409100740E85 /* Sources */,
				8B34CF901DC7409100740E85 /* Frameworks */,
				8B34CF911DC7409100740E85 /* Resources */,
				94CAF624DE0AD0D85FEB31BA /* [CP] Embed Pods Frameworks */,
				21AA8AB2C982B575C99C5E18 /* [CP] Copy Pods Resources */,
			);
			buildRules = (
			);
			dependencies = (
			);
			name = GMTest;
			productName = GMTest;
			productReference = 8B34CF931DC7409100740E85 /* GMTest.app */;
			productType = "com.apple.product-type.application";
		};
/* End PBXNativeTarget section */

/* Begin PBXProject section */
		8B34CF8B1DC7409100740E85 /* Project object */ = {
			isa = PBXProject;
			attributes = {
				LastSwiftUpdateCheck = 0810;
				LastUpgradeCheck = 0810;
				ORGANIZATIONNAME = Kinect.Pro;
				TargetAttributes = {
					8B34CF921DC7409100740E85 = {
						CreatedOnToolsVersion = 8.1;
						DevelopmentTeam = 7XSVATSQ6N;
						ProvisioningStyle = Automatic;
					};
				};
			};
			buildConfigurationList = 8B34CF8E1DC7409100740E85 /* Build configuration list for PBXProject "GMTest" */;
			compatibilityVersion = "Xcode 3.2";
			developmentRegion = English;
			hasScannedForEncodings = 0;
			knownRegions = (
				en,
				Base,
			);
			mainGroup = 8B34CF8A1DC7409100740E85;
			productRefGroup = 8B34CF941DC7409100740E85 /* Products */;
			projectDirPath = "";
			projectRoot = "";
			targets = (
				8B34CF921DC7409100740E85 /* GMTest */,
			);
		};
/* End PBXProject section */

/* Begin PBXResourcesBuildPhase section */
		8B34CF911DC7409100740E85 /* Resources */ = {
			isa = PBXResourcesBuildPhase;
			buildActionMask = 2147483647;
			files = (
				8B34CFA11DC7409100740E85 /* LaunchScreen.storyboard in Resources */,
				8B34CFB31DC78DF300740E85 /* images.xcassets in Resources */,
				8B34CF9E1DC7409100740E85 /* Assets.xcassets in Resources */,
				8B34CF9C1DC7409100740E85 /* Main.storyboard in Resources */,
			);
			runOnlyForDeploymentPostprocessing = 0;
		};
/* End PBXResourcesBuildPhase section */

/* Begin PBXShellScriptBuildPhase section */
		21AA8AB2C982B575C99C5E18 /* [CP] Copy Pods Resources */ = {
			isa = PBXShellScriptBuildPhase;
			buildActionMask = 2147483647;
			files = (
			);
			inputPaths = (
			);
			name = "[CP] Copy Pods Resources";
			outputPaths = (
			);
			runOnlyForDeploymentPostprocessing = 0;
			shellPath = /bin/sh;
			shellScript = "\"${SRCROOT}/Pods/Target Support Files/Pods-GMTest/Pods-GMTest-resources.sh\"\n";
			showEnvVarsInLog = 0;
		};
		94CAF624DE0AD0D85FEB31BA /* [CP] Embed Pods Frameworks */ = {
			isa = PBXShellScriptBuildPhase;
			buildActionMask = 2147483647;
			files = (
			);
			inputPaths = (
			);
			name = "[CP] Embed Pods Frameworks";
			outputPaths = (
			);
			runOnlyForDeploymentPostprocessing = 0;
			shellPath = /bin/sh;
			shellScript = "\"${SRCROOT}/Pods/Target Support Files/Pods-GMTest/Pods-GMTest-frameworks.sh\"\n";
			showEnvVarsInLog = 0;
		};
		B684E4648319D9DA912ACAB7 /* [CP] Check Pods Manifest.lock */ = {
			isa = PBXShellScriptBuildPhase;
			buildActionMask = 2147483647;
			files = (
			);
			inputPaths = (
			);
			name = "[CP] Check Pods Manifest.lock";
			outputPaths = (
			);
			runOnlyForDeploymentPostprocessing = 0;
			shellPath = /bin/sh;
			shellScript = "diff \"${PODS_ROOT}/../Podfile.lock\" \"${PODS_ROOT}/Manifest.lock\" > /dev/null\nif [ $? != 0 ] ; then\n    # print error to STDERR\n    echo \"error: The sandbox is not in sync with the Podfile.lock. Run 'pod install' or update your CocoaPods installation.\" >&2\n    exit 1\nfi\n";
			showEnvVarsInLog = 0;
		};
/* End PBXShellScriptBuildPhase section */

/* Begin PBXSourcesBuildPhase section */
		8B34CF8F1DC7409100740E85 /* Sources */ = {
			isa = PBXSourcesBuildPhase;
			buildActionMask = 2147483647;
			files = (
				8B34CFAF1DC7789400740E85 /* Settings.swift in Sources */,
				8B34CFA91DC769A700740E85 /* City.swift in Sources */,
				8B34CF991DC7409100740E85 /* MenuViewController.swift in Sources */,
				8B34CFAB1DC76B4700740E85 /* ContainerViewController.swift in Sources */,
				8B34CFAD1DC76C3E00740E85 /* MapsViewController.swift in Sources */,
				8B34CF971DC7409100740E85 /* AppDelegate.swift in Sources */,
			);
			runOnlyForDeploymentPostprocessing = 0;
		};
/* End PBXSourcesBuildPhase section */

/* Begin PBXVariantGroup section */
		8B34CF9A1DC7409100740E85 /* Main.storyboard */ = {
			isa = PBXVariantGroup;
			children = (
				8B34CF9B1DC7409100740E85 /* Base */,
			);
			name = Main.storyboard;
			sourceTree = "<group>";
		};
		8B34CF9F1DC7409100740E85 /* LaunchScreen.storyboard */ = {
			isa = PBXVariantGroup;
			children = (
				8B34CFA01DC7409100740E85 /* Base */,
			);
			name = LaunchScreen.storyboard;
			sourceTree = "<group>";
		};
/* End PBXVariantGroup section */

/* Begin XCBuildConfiguration section */
		8B34CFA31DC7409100740E85 /* Debug */ = {
			isa = XCBuildConfiguration;
			buildSettings = {
				ALWAYS_SEARCH_USER_PATHS = NO;
				CLANG_ANALYZER_NONNULL = YES;
				CLANG_CXX_LANGUAGE_STANDARD = "gnu++0x";
				CLANG_CXX_LIBRARY = "libc++";
				CLANG_ENABLE_MODULES = YES;
				CLANG_ENABLE_OBJC_ARC = YES;
				CLANG_WARN_BOOL_CONVERSION = YES;
				CLANG_WARN_CONSTANT_CONVERSION = YES;
				CLANG_WARN_DIRECT_OBJC_ISA_USAGE = YES_ERROR;
				CLANG_WARN_DOCUMENTATION_COMMENTS = YES;
				CLANG_WARN_EMPTY_BODY = YES;
				CLANG_WARN_ENUM_CONVERSION = YES;
				CLANG_WARN_INFINITE_RECURSION = YES;
				CLANG_WARN_INT_CONVERSION = YES;
				CLANG_WARN_OBJC_ROOT_CLASS = YES_ERROR;
				CLANG_WARN_SUSPICIOUS_MOVE = YES;
				CLANG_WARN_SUSPICIOUS_MOVES = YES;
				CLANG_WARN_UNREACHABLE_CODE = YES;
				CLANG_WARN__DUPLICATE_METHOD_MATCH = YES;
				"CODE_SIGN_IDENTITY[sdk=iphoneos*]" = "iPhone Developer";
				COPY_PHASE_STRIP = NO;
				DEBUG_INFORMATION_FORMAT = dwarf;
				ENABLE_STRICT_OBJC_MSGSEND = YES;
				ENABLE_TESTABILITY = YES;
				GCC_C_LANGUAGE_STANDARD = gnu99;
				GCC_DYNAMIC_NO_PIC = NO;
				GCC_NO_COMMON_BLOCKS = YES;
				GCC_OPTIMIZATION_LEVEL = 0;
				GCC_PREPROCESSOR_DEFINITIONS = (
					"DEBUG=1",
					"$(inherited)",
				);
				GCC_WARN_64_TO_32_BIT_CONVERSION = YES;
				GCC_WARN_ABOUT_RETURN_TYPE = YES_ERROR;
				GCC_WARN_UNDECLARED_SELECTOR = YES;
				GCC_WARN_UNINITIALIZED_AUTOS = YES_AGGRESSIVE;
				GCC_WARN_UNUSED_FUNCTION = YES;
				GCC_WARN_UNUSED_VARIABLE = YES;
				IPHONEOS_DEPLOYMENT_TARGET = 10.1;
				MTL_ENABLE_DEBUG_INFO = YES;
				ONLY_ACTIVE_ARCH = YES;
				SDKROOT = iphoneos;
				SWIFT_ACTIVE_COMPILATION_CONDITIONS = DEBUG;
				SWIFT_OPTIMIZATION_LEVEL = "-Onone";
				TARGETED_DEVICE_FAMILY = "1,2";
			};
			name = Debug;
		};
		8B34CFA41DC7409100740E85 /* Release */ = {
			isa = XCBuildConfiguration;
			buildSettings = {
				ALWAYS_SEARCH_USER_PATHS = NO;
				CLANG_ANALYZER_NONNULL = YES;
				CLANG_CXX_LANGUAGE_STANDARD = "gnu++0x";
				CLANG_CXX_LIBRARY = "libc++";
				CLANG_ENABLE_MODULES = YES;
				CLANG_ENABLE_OBJC_ARC = YES;
				CLANG_WARN_BOOL_CONVERSION = YES;
				CLANG_WARN_CONSTANT_CONVERSION = YES;
				CLANG_WARN_DIRECT_OBJC_ISA_USAGE = YES_ERROR;
				CLANG_WARN_DOCUMENTATION_COMMENTS = YES;
				CLANG_WARN_EMPTY_BODY = YES;
				CLANG_WARN_ENUM_CONVERSION = YES;
				CLANG_WARN_INFINITE_RECURSION = YES;
				CLANG_WARN_INT_CONVERSION = YES;
				CLANG_WARN_OBJC_ROOT_CLASS = YES_ERROR;
				CLANG_WARN_SUSPICIOUS_MOVE = YES;
				CLANG_WARN_SUSPICIOUS_MOVES = YES;
				CLANG_WARN_UNREACHABLE_CODE = YES;
				CLANG_WARN__DUPLICATE_METHOD_MATCH = YES;
				"CODE_SIGN_IDENTITY[sdk=iphoneos*]" = "iPhone Developer";
				COPY_PHASE_STRIP = NO;
				DEBUG_INFORMATION_FORMAT = "dwarf-with-dsym";
				ENABLE_NS_ASSERTIONS = NO;
				ENABLE_STRICT_OBJC_MSGSEND = YES;
				GCC_C_LANGUAGE_STANDARD = gnu99;
				GCC_NO_COMMON_BLOCKS = YES;
				GCC_WARN_64_TO_32_BIT_CONVERSION = YES;
				GCC_WARN_ABOUT_RETURN_TYPE = YES_ERROR;
				GCC_WARN_UNDECLARED_SELECTOR = YES;
				GCC_WARN_UNINITIALIZED_AUTOS = YES_AGGRESSIVE;
				GCC_WARN_UNUSED_FUNCTION = YES;
				GCC_WARN_UNUSED_VARIABLE = YES;
				IPHONEOS_DEPLOYMENT_TARGET = 10.1;
				MTL_ENABLE_DEBUG_INFO = NO;
				SDKROOT = iphoneos;
				SWIFT_OPTIMIZATION_LEVEL = "-Owholemodule";
				TARGETED_DEVICE_FAMILY = "1,2";
				VALIDATE_PRODUCT = YES;
			};
			name = Release;
		};
		8B34CFA61DC7409100740E85 /* Debug */ = {
			isa = XCBuildConfiguration;
			baseConfigurationReference = EFE84DF8A85A8781830DF2F9 /* Pods-GMTest.debug.xcconfig */;
			buildSettings = {
				ASSETCATALOG_COMPILER_APPICON_NAME = AppIcon;
				DEVELOPMENT_TEAM = 7XSVATSQ6N;
				INFOPLIST_FILE = GMTest/Info.plist;
				IPHONEOS_DEPLOYMENT_TARGET = 9.0;
				LD_RUNPATH_SEARCH_PATHS = "$(inherited) @executable_path/Frameworks";
				PRODUCT_BUNDLE_IDENTIFIER = pro.kinect.GMTest;
				PRODUCT_NAME = "$(TARGET_NAME)";
				SWIFT_VERSION = 3.0;
			};
			name = Debug;
		};
		8B34CFA71DC7409100740E85 /* Release */ = {
			isa = XCBuildConfiguration;
			baseConfigurationReference = 145B7589F6216D978BC5D7CF /* Pods-GMTest.release.xcconfig */;
			buildSettings = {
				ASSETCATALOG_COMPILER_APPICON_NAME = AppIcon;
				DEVELOPMENT_TEAM = 7XSVATSQ6N;
				INFOPLIST_FILE = GMTest/Info.plist;
				IPHONEOS_DEPLOYMENT_TARGET = 9.0;
				LD_RUNPATH_SEARCH_PATHS = "$(inherited) @executable_path/Frameworks";
				PRODUCT_BUNDLE_IDENTIFIER = pro.kinect.GMTest;
				PRODUCT_NAME = "$(TARGET_NAME)";
				SWIFT_VERSION = 3.0;
			};
			name = Release;
		};
/* End XCBuildConfiguration section */

/* Begin XCConfigurationList section */
		8B34CF8E1DC7409100740E85 /* Build configuration list for PBXProject "GMTest" */ = {
			isa = XCConfigurationList;
			buildConfigurations = (
				8B34CFA31DC7409100740E85 /* Debug */,
				8B34CFA41DC7409100740E85 /* Release */,
			);
			defaultConfigurationIsVisible = 0;
			defaultConfigurationName = Release;
		};
		8B34CFA51DC7409100740E85 /* Build configuration list for PBXNativeTarget "GMTest" */ = {
			isa = XCConfigurationList;
			buildConfigurations = (
				8B34CFA61DC7409100740E85 /* Debug */,
				8B34CFA71DC7409100740E85 /* Release */,
			);
			defaultConfigurationIsVisible = 0;
			defaultConfigurationName = Release;
		};
/* End XCConfigurationList section */
	};
	rootObject = 8B34CF8B1DC7409100740E85 /* Project object */;
}
